<?xml version="1.0"?>
<CodeBlocks_project_file>
	<FileVersion major="1" minor="6" />
	<Project>
		<Option title="WilburProject" />
		<Option execution_dir="/home/yuwilbur/Projects/OutsideHacks/3DViz/WilburProject/" />
		<Option pch_mode="2" />
		<Option compiler="gcc" />
		<Build>
			<Target title="Debug">
				<Option output="bin/Debug/WilburProject" prefix_auto="1" extension_auto="1" />
				<Option object_output="obj/Debug/" />
				<Option type="1" />
				<Option compiler="gcc" />
				<Compiler>
					<Add option="-g" />
				</Compiler>
			</Target>
			<Target title="Release">
				<Option output="bin/Release/WilburProject" prefix_auto="1" extension_auto="1" />
				<Option object_output="obj/Release/" />
				<Option type="1" />
				<Option compiler="gcc" />
				<Compiler>
					<Add option="-O2" />
				</Compiler>
				<Linker>
					<Add option="-s" />
				</Linker>
			</Target>
		</Build>
		<Compiler>
			<Add option="-Wall" />
		</Compiler>
		<Unit filename="main.cpp" />
		<Extensions>
			<code_completion />
			<envvars />
			<debugger />
			<lib_finder disable_auto="1" />
		</Extensions>
		<Unit filename="../../../addons/ofxOpenCv/src/ofxOpenCv.h" />
		<Unit filename="../../../addons/ofxOpenCv/src/ofxCvImage.h" />
		<Unit filename="../../../addons/ofxOpenCv/src/ofxCvColorImage.h" />
		<Unit filename="../../../addons/ofxOpenCv/src/ofxCvHaarFinder.cpp" />
		<Unit filename="../../../addons/ofxOpenCv/src/ofxCvHaarFinder.h" />
		<Unit filename="../../../addons/ofxOpenCv/src/ofxCvShortImage.cpp" />
		<Unit filename="../../../addons/ofxOpenCv/src/ofxCvContourFinder.h" />
		<Unit filename="../../../addons/ofxOpenCv/src/ofxCvFloatImage.cpp" />
		<Unit filename="../../../addons/ofxOpenCv/src/ofxCvGrayscaleImage.h" />
		<Unit filename="../../../addons/ofxOpenCv/src/ofxCvFloatImage.h" />
		<Unit filename="../../../addons/ofxOpenCv/src/ofxCvColorImage.cpp" />
		<Unit filename="../../../addons/ofxOpenCv/src/ofxCvContourFinder.cpp" />
		<Unit filename="../../../addons/ofxOpenCv/src/ofxCvShortImage.h" />
		<Unit filename="../../../addons/ofxOpenCv/src/ofxCvImage.cpp" />
		<Unit filename="../../../addons/ofxOpenCv/src/ofxCvConstants.h" />
		<Unit filename="../../../addons/ofxOpenCv/src/ofxCvGrayscaleImage.cpp" />
		<Unit filename="../../../addons/ofxOpenCv/src/ofxCvBlob.h" />
		<Unit filename="../../../addons/ofxOpenCv/libs/opencv/include/opencv2/contrib/contrib.hpp" />
		<Unit filename="../../../addons/ofxOpenCv/libs/opencv/include/opencv2/contrib/retina.hpp" />
		<Unit filename="../../../addons/ofxOpenCv/libs/opencv/include/opencv2/objdetect/objdetect.hpp" />
		<Unit filename="../../../addons/ofxOpenCv/libs/opencv/include/opencv2/imgproc/types_c.h" />
		<Unit filename="../../../addons/ofxOpenCv/libs/opencv/include/opencv2/imgproc/imgproc.hpp" />
		<Unit filename="../../../addons/ofxOpenCv/libs/opencv/include/opencv2/imgproc/imgproc_c.h" />
		<Unit filename="../../../addons/ofxOpenCv/libs/opencv/include/opencv2/ml/ml.hpp" />
		<Unit filename="../../../addons/ofxOpenCv/libs/opencv/include/opencv2/features2d/features2d.hpp" />
		<Unit filename="../../../addons/ofxOpenCv/libs/opencv/include/opencv2/opencv.hpp" />
		<Unit filename="../../../addons/ofxOpenCv/libs/opencv/include/opencv2/video/video.hpp" />
		<Unit filename="../../../addons/ofxOpenCv/libs/opencv/include/opencv2/video/background_segm.hpp" />
		<Unit filename="../../../addons/ofxOpenCv/libs/opencv/include/opencv2/video/tracking.hpp" />
		<Unit filename="../../../addons/ofxOpenCv/libs/opencv/include/opencv2/core/types_c.h" />
		<Unit filename="../../../addons/ofxOpenCv/libs/opencv/include/opencv2/core/mat.hpp" />
		<Unit filename="../../../addons/ofxOpenCv/libs/opencv/include/opencv2/core/core.hpp" />
		<Unit filename="../../../addons/ofxOpenCv/libs/opencv/include/opencv2/core/eigen.hpp" />
		<Unit filename="../../../addons/ofxOpenCv/libs/opencv/include/opencv2/core/operations.hpp" />
		<Unit filename="../../../addons/ofxOpenCv/libs/opencv/include/opencv2/core/core_c.h" />
		<Unit filename="../../../addons/ofxOpenCv/libs/opencv/include/opencv2/core/wimage.hpp" />
		<Unit filename="../../../addons/ofxOpenCv/libs/opencv/include/opencv2/core/internal.hpp" />
		<Unit filename="../../../addons/ofxOpenCv/libs/opencv/include/opencv2/core/version.hpp" />
		<Unit filename="../../../addons/ofxOpenCv/libs/opencv/include/opencv2/flann/logger.h" />
		<Unit filename="../../../addons/ofxOpenCv/libs/opencv/include/opencv2/flann/heap.h" />
		<Unit filename="../../../addons/ofxOpenCv/libs/opencv/include/opencv2/flann/timer.h" />
		<Unit filename="../../../addons/ofxOpenCv/libs/opencv/include/opencv2/flann/flann_base.hpp" />
		<Unit filename="../../../addons/ofxOpenCv/libs/opencv/include/opencv2/flann/config.h" />
		<Unit filename="../../../addons/ofxOpenCv/libs/opencv/include/opencv2/flann/autotuned_index.h" />
		<Unit filename="../../../addons/ofxOpenCv/libs/opencv/include/opencv2/flann/sampling.h" />
		<Unit filename="../../../addons/ofxOpenCv/libs/opencv/include/opencv2/flann/hierarchical_clustering_index.h" />
		<Unit filename="../../../addons/ofxOpenCv/libs/opencv/include/opencv2/flann/ground_truth.h" />
		<Unit filename="../../../addons/ofxOpenCv/libs/opencv/include/opencv2/flann/linear_index.h" />
		<Unit filename="../../../addons/ofxOpenCv/libs/opencv/include/opencv2/flann/allocator.h" />
		<Unit filename="../../../addons/ofxOpenCv/libs/opencv/include/opencv2/flann/result_set.h" />
		<Unit filename="../../../addons/ofxOpenCv/libs/opencv/include/opencv2/flann/miniflann.hpp" />
		<Unit filename="../../../addons/ofxOpenCv/libs/opencv/include/opencv2/flann/kmeans_index.h" />
		<Unit filename="../../../addons/ofxOpenCv/libs/opencv/include/opencv2/flann/general.h" />
		<Unit filename="../../../addons/ofxOpenCv/libs/opencv/include/opencv2/flann/any.h" />
		<Unit filename="../../../addons/ofxOpenCv/libs/opencv/include/opencv2/flann/dist.h" />
		<Unit filename="../../../addons/ofxOpenCv/libs/opencv/include/opencv2/flann/dummy.h" />
		<Unit filename="../../../addons/ofxOpenCv/libs/opencv/include/opencv2/flann/dynamic_bitset.h" />
		<Unit filename="../../../addons/ofxOpenCv/libs/opencv/include/opencv2/flann/random.h" />
		<Unit filename="../../../addons/ofxOpenCv/libs/opencv/include/opencv2/flann/kdtree_index.h" />
		<Unit filename="../../../addons/ofxOpenCv/libs/opencv/include/opencv2/flann/params.h" />
		<Unit filename="../../../addons/ofxOpenCv/libs/opencv/include/opencv2/flann/object_factory.h" />
		<Unit filename="../../../addons/ofxOpenCv/libs/opencv/include/opencv2/flann/saving.h" />
		<Unit filename="../../../addons/ofxOpenCv/libs/opencv/include/opencv2/flann/lsh_table.h" />
		<Unit filename="../../../addons/ofxOpenCv/libs/opencv/include/opencv2/flann/all_indices.h" />
		<Unit filename="../../../addons/ofxOpenCv/libs/opencv/include/opencv2/flann/kdtree_single_index.h" />
		<Unit filename="../../../addons/ofxOpenCv/libs/opencv/include/opencv2/flann/flann.hpp" />
		<Unit filename="../../../addons/ofxOpenCv/libs/opencv/include/opencv2/flann/lsh_index.h" />
		<Unit filename="../../../addons/ofxOpenCv/libs/opencv/include/opencv2/flann/defines.h" />
		<Unit filename="../../../addons/ofxOpenCv/libs/opencv/include/opencv2/flann/matrix.h" />
		<Unit filename="../../../addons/ofxOpenCv/libs/opencv/include/opencv2/flann/hdf5.h" />
		<Unit filename="../../../addons/ofxOpenCv/libs/opencv/include/opencv2/flann/index_testing.h" />
		<Unit filename="../../../addons/ofxOpenCv/libs/opencv/include/opencv2/flann/simplex_downhill.h" />
		<Unit filename="../../../addons/ofxOpenCv/libs/opencv/include/opencv2/flann/composite_index.h" />
		<Unit filename="../../../addons/ofxOpenCv/libs/opencv/include/opencv2/flann/nn_index.h" />
		<Unit filename="../../../addons/ofxOpenCv/libs/opencv/include/opencv2/legacy/compat.hpp" />
		<Unit filename="../../../addons/ofxOpenCv/libs/opencv/include/opencv2/legacy/blobtrack.hpp" />
		<Unit filename="../../../addons/ofxOpenCv/libs/opencv/include/opencv2/legacy/legacy.hpp" />
		<Unit filename="../../../addons/ofxOpenCv/libs/opencv/include/opencv2/legacy/streams.hpp" />
		<Unit filename="../../../addons/ofxOpenCv/libs/opencv/include/opencv2/highgui/highgui_c.h" />
		<Unit filename="../../../addons/ofxOpenCv/libs/opencv/include/opencv2/highgui/highgui.hpp" />
		<Unit filename="../../../addons/ofxOpenCv/libs/opencv/include/opencv2/ts/ts.hpp" />
		<Unit filename="../../../addons/ofxOpenCv/libs/opencv/include/opencv2/ts/ts_gtest.h" />
		<Unit filename="../../../addons/ofxOpenCv/libs/opencv/include/opencv2/gpu/gpu.hpp" />
		<Unit filename="../../../addons/ofxOpenCv/libs/opencv/include/opencv2/gpu/matrix_operations.hpp" />
		<Unit filename="../../../addons/ofxOpenCv/libs/opencv/include/opencv2/gpu/devmem2d.hpp" />
		<Unit filename="../../../addons/ofxOpenCv/libs/opencv/include/opencv2/gpu/gpumat.hpp" />
		<Unit filename="../../../addons/ofxOpenCv/libs/opencv/include/opencv2/gpu/stream_accessor.hpp" />
		<Unit filename="../../../addons/ofxOpenCv/libs/opencv/include/opencv2/calib3d/calib3d.hpp" />
		<Unit filename="../../../addons/ofxOpenCv/libs/opencv/include/opencv/cxcore.hpp" />
		<Unit filename="../../../addons/ofxOpenCv/libs/opencv/include/opencv/cvaux.h" />
		<Unit filename="../../../addons/ofxOpenCv/libs/opencv/include/opencv/cvaux.hpp" />
		<Unit filename="../../../addons/ofxOpenCv/libs/opencv/include/opencv/cv.h" />
		<Unit filename="../../../addons/ofxOpenCv/libs/opencv/include/opencv/cxmisc.h" />
		<Unit filename="../../../addons/ofxOpenCv/libs/opencv/include/opencv/highgui.h" />
		<Unit filename="../../../addons/ofxOpenCv/libs/opencv/include/opencv/ml.h" />
		<Unit filename="../../../addons/ofxOpenCv/libs/opencv/include/opencv/cvwimage.h" />
		<Unit filename="../../../addons/ofxOpenCv/libs/opencv/include/opencv/cxeigen.hpp" />
		<Unit filename="../../../addons/ofxOpenCv/libs/opencv/include/opencv/cxcore.h" />
		<Unit filename="../../../addons/ofxOpenCv/libs/opencv/include/opencv/cv.hpp" />
		<Unit filename="../../../addons/ofx3DModelLoader/src/ofx3dModelLoader.cpp" />
		<Unit filename="../../../addons/ofx3DModelLoader/src/ofx3DModelLoader.h" />
		<Unit filename="../../../addons/ofx3DModelLoader/src/3DS/model3DS.h" />
		<Unit filename="../../../addons/ofx3DModelLoader/src/3DS/texture3DS.cpp" />
		<Unit filename="../../../addons/ofx3DModelLoader/src/3DS/texture3DS.h" />
		<Unit filename="../../../addons/ofx3DModelLoader/src/3DS/Vector3DS.h" />
		<Unit filename="../../../addons/ofx3DModelLoader/src/3DS/model3DS.cpp" />
		<Unit filename="../../../addons/ofx3DModelLoader/src/ofx3DBaseLoader.h" />
		<Unit filename="../../../addons/ofxVectorGraphics/src/ofxVectorGraphics.h" />
		<Unit filename="../../../addons/ofxVectorGraphics/src/ofxVectorGraphics.cpp" />
		<Unit filename="../../../addons/ofxVectorGraphics/libs/CreEPS.hpp" />
		<Unit filename="../../../addons/ofxVectorGraphics/libs/CreEPS_Types.hpp" />
		<Unit filename="../../../addons/ofxVectorGraphics/libs/CreEPS.cpp" />
	</Project>
</CodeBlocks_project_file>
